
Microsoft Visual Studio Solution File, Format Version 12.00
# Visual Studio Version 17
VisualStudioVersion = 17.10.35004.147
MinimumVisualStudioVersion = 10.0.40219.1
Project("{9A19103F-16F7-4668-BE54-9A1E7A4F7556}") = "MagicVilla_VillaAPI", "MagicVilla_VillaAPI\MagicVilla_VillaAPI.csproj", "{284EDAD1-3038-44A6-B0F9-42019E1B2D16}"
EndProject
Project("{FAE04EC0-301F-11D3-BF4B-00C04F79EFBC}") = "MagicVilla_Web", "MagicVilla_Web\MagicVilla_Web.csproj", "{3A8FCB02-1704-4AF3-977B-F0F75237F3FC}"
EndProject
Project("{FAE04EC0-301F-11D3-BF4B-00C04F79EFBC}") = "MagicVilla_Utility", "MagicVilla_Utility\MagicVilla_Utility.csproj", "{EEEA1F44-0C9E-4929-A687-12E5F792DEAE}"
EndProject
Global
	GlobalSection(SolutionConfigurationPlatforms) = preSolution
		Debug|Any CPU = Debug|Any CPU
		Release|Any CPU = Release|Any CPU
	EndGlobalSection
	GlobalSection(ProjectConfigurationPlatforms) = postSolution
		{284EDAD1-3038-44A6-B0F9-42019E1B2D16}.Debug|Any CPU.ActiveCfg = Debug|Any CPU
		{284EDAD1-3038-44A6-B0F9-42019E1B2D16}.Debug|Any CPU.Build.0 = Debug|Any CPU
		{284EDAD1-3038-44A6-B0F9-42019E1B2D16}.Release|Any CPU.ActiveCfg = Release|Any CPU
		{284EDAD1-3038-44A6-B0F9-42019E1B2D16}.Release|Any CPU.Build.0 = Release|Any CPU
		{3A8FCB02-1704-4AF3-977B-F0F75237F3FC}.Debug|Any CPU.ActiveCfg = Debug|Any CPU
		{3A8FCB02-1704-4AF3-977B-F0F75237F3FC}.Debug|Any CPU.Build.0 = Debug|Any CPU
		{3A8FCB02-1704-4AF3-977B-F0F75237F3FC}.Release|Any CPU.ActiveCfg = Release|Any CPU
		{3A8FCB02-1704-4AF3-977B-F0F75237F3FC}.Release|Any CPU.Build.0 = Release|Any CPU
		{EEEA1F44-0C9E-4929-A687-12E5F792DEAE}.Debug|Any CPU.ActiveCfg = Debug|Any CPU
		{EEEA1F44-0C9E-4929-A687-12E5F792DEAE}.Debug|Any CPU.Build.0 = Debug|Any CPU
		{EEEA1F44-0C9E-4929-A687-12E5F792DEAE}.Release|Any CPU.ActiveCfg = Release|Any CPU
		{EEEA1F44-0C9E-4929-A687-12E5F792DEAE}.Release|Any CPU.Build.0 = Release|Any CPU
	EndGlobalSection
	GlobalSection(SolutionProperties) = preSolution
		HideSolutionNode = FALSE
	EndGlobalSection
	GlobalSection(ExtensibilityGlobals) = postSolution
		SolutionGuid = {06372041-CED9-4074-BD6F-F21B2B5A114C}
	EndGlobalSection
EndGlobal
